
Microsoft Visual Studio Solution File, Format Version 12.00
# Visual Studio 15
Project("{FAE04EC0-301F-11D3-BF4B-00C04F79EFBC}") = "Assembly-CSharp", "Assembly-CSharp.csproj", "{86A41511-31E0-993E-5C2F-D5517E5DF22D}"
EndProject
Project("{FAE04EC0-301F-11D3-BF4B-00C04F79EFBC}") = "Unity.Recorder.Samples.Editor", "Unity.Recorder.Samples.Editor.csproj", "{B8762E9B-3832-7AD4-1EFF-108F1CE7673C}"
EndProject
Global
	GlobalSection(SolutionConfigurationPlatforms) = preSolution
		Debug|Any CPU = Debug|Any CPU
		Release|Any CPU = Release|Any CPU
	EndGlobalSection
	GlobalSection(ProjectConfigurationPlatforms) = postSolution
		{86A41511-31E0-993E-5C2F-D5517E5DF22D}.Debug|Any CPU.ActiveCfg = Debug|Any CPU
		{86A41511-31E0-993E-5C2F-D5517E5DF22D}.Debug|Any CPU.Build.0 = Debug|Any CPU
		{86A41511-31E0-993E-5C2F-D5517E5DF22D}.Release|Any CPU.ActiveCfg = Release|Any CPU
		{86A41511-31E0-993E-5C2F-D5517E5DF22D}.Release|Any CPU.Build.0 = Release|Any CPU
		{B8762E9B-3832-7AD4-1EFF-108F1CE7673C}.Debug|Any CPU.ActiveCfg = Debug|Any CPU
		{B8762E9B-3832-7AD4-1EFF-108F1CE7673C}.Debug|Any CPU.Build.0 = Debug|Any CPU
		{B8762E9B-3832-7AD4-1EFF-108F1CE7673C}.Release|Any CPU.ActiveCfg = Release|Any CPU
		{B8762E9B-3832-7AD4-1EFF-108F1CE7673C}.Release|Any CPU.Build.0 = Release|Any CPU
	EndGlobalSection
	GlobalSection(SolutionProperties) = preSolution
		HideSolutionNode = FALSE
	EndGlobalSection
EndGlobal
